Microsoft Visual Studio Solution File, Format Version 12.00
# Visual Studio 2012
Project("{55582489-13E2-10BE-4330-19889AB51E65}") = "AI_Project", "Assembly-CSharp-firstpass.csproj", "{FAC749D6-E26F-59DB-B93A-D5C7F11C8A9E}"
EndProject
Project("{55582489-13E2-10BE-4330-19889AB51E65}") = "AI_Project", "Assembly-CSharp.csproj", "{68A16C11-971B-6DA3-ACDC-3FAFCB7B691E}"
EndProject
Global
	GlobalSection(SolutionConfigurationPlatforms) = preSolution
		Debug|Any CPU = Debug|Any CPU
		Release|Any CPU = Release|Any CPU
	EndGlobalSection
	GlobalSection(ProjectConfigurationPlatforms) = postSolution
		{FAC749D6-E26F-59DB-B93A-D5C7F11C8A9E}.Debug|Any CPU.ActiveCfg = Debug|Any CPU
		{FAC749D6-E26F-59DB-B93A-D5C7F11C8A9E}.Debug|Any CPU.Build.0 = Debug|Any CPU
		{FAC749D6-E26F-59DB-B93A-D5C7F11C8A9E}.Release|Any CPU.ActiveCfg = Release|Any CPU
		{FAC749D6-E26F-59DB-B93A-D5C7F11C8A9E}.Release|Any CPU.Build.0 = Release|Any CPU
		{68A16C11-971B-6DA3-ACDC-3FAFCB7B691E}.Debug|Any CPU.ActiveCfg = Debug|Any CPU
		{68A16C11-971B-6DA3-ACDC-3FAFCB7B691E}.Debug|Any CPU.Build.0 = Debug|Any CPU
		{68A16C11-971B-6DA3-ACDC-3FAFCB7B691E}.Release|Any CPU.ActiveCfg = Release|Any CPU
		{68A16C11-971B-6DA3-ACDC-3FAFCB7B691E}.Release|Any CPU.Build.0 = Release|Any CPU
	EndGlobalSection
	GlobalSection(MonoDevelopProperties) = preSolution
		StartupItem = Assembly-CSharp.csproj
	EndGlobalSection
EndGlobal
